// !$*UTF8*$!
{
	archiveVersion = 1;
	classes = {
	};
	objectVersion = 46;
	objects = {

/* Begin PBXBuildFile section */
		FCCCD8251AE69A2D00C6BD71 /* AppDelegate.swift in Sources */ = {isa = PBXBuildFile; fileRef = FCCCD8241AE69A2D00C6BD71 /* AppDelegate.swift */; };
		FCCCD8271AE69A2D00C6BD71 /* ViewController.swift in Sources */ = {isa = PBXBuildFile; fileRef = FCCCD8261AE69A2D00C6BD71 /* ViewController.swift */; };
		FCCCD82A1AE69A2D00C6BD71 /* Main.storyboard in Resources */ = {isa = PBXBuildFile; fileRef = FCCCD8281AE69A2D00C6BD71 /* Main.storyboard */; };
		FCCCD82C1AE69A2D00C6BD71 /* Images.xcassets in Resources */ = {isa = PBXBuildFile; fileRef = FCCCD82B1AE69A2D00C6BD71 /* Images.xcassets */; };
		FCCCD82F1AE69A2D00C6BD71 /* LaunchScreen.xib in Resources */ = {isa = PBXBuildFile; fileRef = FCCCD82D1AE69A2D00C6BD71 /* LaunchScreen.xib */; };
		FCCCD83B1AE69A2D00C6BD71 /* ICE_CREAM_FREEZETests.swift in Sources */ = {isa = PBXBuildFile; fileRef = FCCCD83A1AE69A2D00C6BD71 /* ICE_CREAM_FREEZETests.swift */; };
/* End PBXBuildFile section */

/* Begin PBXContainerItemProxy section */
		FCCCD8351AE69A2D00C6BD71 /* PBXContainerItemProxy */ = {
			isa = PBXContainerItemProxy;
			containerPortal = FCCCD8171AE69A2D00C6BD71 /* Project object */;
			proxyType = 1;
			remoteGlobalIDString = FCCCD81E1AE69A2D00C6BD71;
			remoteInfo = "ICE CREAM FREEZE";
		};
/* End PBXContainerItemProxy section */

/* Begin PBXFileReference section */
		FCCCD81F1AE69A2D00C6BD71 /* ICE CREAM FREEZE.app */ = {isa = PBXFileReference; explicitFileType = wrapper.application; includeInIndex = 0; path = "ICE CREAM FREEZE.app"; sourceTree = BUILT_PRODUCTS_DIR; };
		FCCCD8231AE69A2D00C6BD71 /* Info.plist */ = {isa = PBXFileReference; lastKnownFileType = text.plist.xml; path = Info.plist; sourceTree = "<group>"; };
		FCCCD8241AE69A2D00C6BD71 /* AppDelegate.swift */ = {isa = PBXFileReference; lastKnownFileType = sourcecode.swift; path = AppDelegate.swift; sourceTree = "<group>"; };
		FCCCD8261AE69A2D00C6BD71 /* ViewController.swift */ = {isa = PBXFileReference; lastKnownFileType = sourcecode.swift; path = ViewController.swift; sourceTree = "<group>"; };
		FCCCD8291AE69A2D00C6BD71 /* Base */ = {isa = PBXFileReference; lastKnownFileType = file.storyboard; name = Base; path = Base.lproj/Main.storyboard; sourceTree = "<group>"; };
		FCCCD82B1AE69A2D00C6BD71 /* Images.xcassets */ = {isa = PBXFileReference; lastKnownFileType = folder.assetcatalog; path = Images.xcassets; sourceTree = "<group>"; };
		FCCCD82E1AE69A2D00C6BD71 /* Base */ = {isa = PBXFileReference; lastKnownFileType = file.xib; name = Base; path = Base.lproj/LaunchScreen.xib; sourceTree = "<group>"; };
		FCCCD8341AE69A2D00C6BD71 /* ICE CREAM FREEZETests.xctest */ = {isa = PBXFileReference; explicitFileType = wrapper.cfbundle; includeInIndex = 0; path = "ICE CREAM FREEZETests.xctest"; sourceTree = BUILT_PRODUCTS_DIR; };
		FCCCD8391AE69A2D00C6BD71 /* Info.plist */ = {isa = PBXFileReference; lastKnownFileType = text.plist.xml; path = Info.plist; sourceTree = "<group>"; };
		FCCCD83A1AE69A2D00C6BD71 /* ICE_CREAM_FREEZETests.swift */ = {isa = PBXFileReference; lastKnownFileType = sourcecode.swift; path = ICE_CREAM_FREEZETests.swift; sourceTree = "<group>"; };
/* End PBXFileReference section */

/* Begin PBXFrameworksBuildPhase section */
		FCCCD81C1AE69A2D00C6BD71 /* Frameworks */ = {
			isa = PBXFrameworksBuildPhase;
			buildActionMask = 2147483647;
			files = (
			);
			runOnlyForDeploymentPostprocessing = 0;
		};
		FCCCD8311AE69A2D00C6BD71 /* Frameworks */ = {
			isa = PBXFrameworksBuildPhase;
			buildActionMask = 2147483647;
			files = (
			);
			runOnlyForDeploymentPostprocessing = 0;
		};
/* End PBXFrameworksBuildPhase section */

/* Begin PBXGroup section */
		FCCCD8161AE69A2D00C6BD71 = {
			isa = PBXGroup;
			children = (
				FCCCD8211AE69A2D00C6BD71 /* ICE CREAM FREEZE */,
				FCCCD8371AE69A2D00C6BD71 /* ICE CREAM FREEZETests */,
				FCCCD8201AE69A2D00C6BD71 /* Products */,
			);
			sourceTree = "<group>";
		};
		FCCCD8201AE69A2D00C6BD71 /* Products */ = {
			isa = PBXGroup;
			children = (
				FCCCD81F1AE69A2D00C6BD71 /* ICE CREAM FREEZE.app */,
				FCCCD8341AE69A2D00C6BD71 /* ICE CREAM FREEZETests.xctest */,
			);
			name = Products;
			sourceTree = "<group>";
		};
		FCCCD8211AE69A2D00C6BD71 /* ICE CREAM FREEZE */ = {
			isa = PBXGroup;
			children = (
				FCCCD8241AE69A2D00C6BD71 /* AppDelegate.swift */,
				FCCCD8261AE69A2D00C6BD71 /* ViewController.swift */,
				FCCCD8281AE69A2D00C6BD71 /* Main.storyboard */,
				FCCCD82B1AE69A2D00C6BD71 /* Images.xcassets */,
				FCCCD82D1AE69A2D00C6BD71 /* LaunchScreen.xib */,
				FCCCD8221AE69A2D00C6BD71 /* Supporting Files */,
			);
			path = "ICE CREAM FREEZE";
			sourceTree = "<group>";
		};
		FCCCD8221AE69A2D00C6BD71 /* Supporting Files */ = {
			isa = PBXGroup;
			children = (
				FCCCD8231AE69A2D00C6BD71 /* Info.plist */,
			);
			name = "Supporting Files";
			sourceTree = "<group>";
		};
		FCCCD8371AE69A2D00C6BD71 /* ICE CREAM FREEZETests */ = {
			isa = PBXGroup;
			children = (
				FCCCD83A1AE69A2D00C6BD71 /* ICE_CREAM_FREEZETests.swift */,
				FCCCD8381AE69A2D00C6BD71 /* Supporting Files */,
			);
			path = "ICE CREAM FREEZETests";
			sourceTree = "<group>";
		};
		FCCCD8381AE69A2D00C6BD71 /* Supporting Files */ = {
			isa = PBXGroup;
			children = (
				FCCCD8391AE69A2D00C6BD71 /* Info.plist */,
			);
			name = "Supporting Files";
			sourceTree = "<group>";
		};
/* End PBXGroup section */

/* Begin PBXNativeTarget section */
		FCCCD81E1AE69A2D00C6BD71 /* ICE CREAM FREEZE */ = {
			isa = PBXNativeTarget;
			buildConfigurationList = FCCCD83E1AE69A2D00C6BD71 /* Build configuration list for PBXNativeTarget "ICE CREAM FREEZE" */;
			buildPhases = (
				FCCCD81B1AE69A2D00C6BD71 /* Sources */,
				FCCCD81C1AE69A2D00C6BD71 /* Frameworks */,
				FCCCD81D1AE69A2D00C6BD71 /* Resources */,
			);
			buildRules = (
			);
			dependencies = (
			);
			name = "ICE CREAM FREEZE";
			productName = "ICE CREAM FREEZE";
			productReference = FCCCD81F1AE69A2D00C6BD71 /* ICE CREAM FREEZE.app */;
			productType = "com.apple.product-type.application";
		};
		FCCCD8331AE69A2D00C6BD71 /* ICE CREAM FREEZETests */ = {
			isa = PBXNativeTarget;
			buildConfigurationList = FCCCD8411AE69A2D00C6BD71 /* Build configuration list for PBXNativeTarget "ICE CREAM FREEZETests" */;
			buildPhases = (
				FCCCD8301AE69A2D00C6BD71 /* Sources */,
				FCCCD8311AE69A2D00C6BD71 /* Frameworks */,
				FCCCD8321AE69A2D00C6BD71 /* Resources */,
			);
			buildRules = (
			);
			dependencies = (
				FCCCD8361AE69A2D00C6BD71 /* PBXTargetDependency */,
			);
			name = "ICE CREAM FREEZETests";
			productName = "ICE CREAM FREEZETests";
			productReference = FCCCD8341AE69A2D00C6BD71 /* ICE CREAM FREEZETests.xctest */;
			productType = "com.apple.product-type.bundle.unit-test";
		};
/* End PBXNativeTarget section */

/* Begin PBXProject section */
		FCCCD8171AE69A2D00C6BD71 /* Project object */ = {
			isa = PBXProject;
			attributes = {
				LastUpgradeCheck = 0610;
				ORGANIZATIONNAME = "Frank Joseph Boccia";
				TargetAttributes = {
					FCCCD81E1AE69A2D00C6BD71 = {
						CreatedOnToolsVersion = 6.1.1;
						DevelopmentTeam = LM2J977ASP;
					};
					FCCCD8331AE69A2D00C6BD71 = {
						CreatedOnToolsVersion = 6.1.1;
						TestTargetID = FCCCD81E1AE69A2D00C6BD71;
					};
				};
			};
			buildConfigurationList = FCCCD81A1AE69A2D00C6BD71 /* Build configuration list for PBXProject "ICE CREAM FREEZE" */;
			compatibilityVersion = "Xcode 3.2";
			developmentRegion = English;
			hasScannedForEncodings = 0;
			knownRegions = (
				en,
				Base,
			);
			mainGroup = FCCCD8161AE69A2D00C6BD71;
			productRefGroup = FCCCD8201AE69A2D00C6BD71 /* Products */;
			projectDirPath = "";
			projectRoot = "";
			targets = (
				FCCCD81E1AE69A2D00C6BD71 /* ICE CREAM FREEZE */,
				FCCCD8331AE69A2D00C6BD71 /* ICE CREAM FREEZETests */,
			);
		};
/* End PBXProject section */

/* Begin PBXResourcesBuildPhase section */
		FCCCD81D1AE69A2D00C6BD71 /* Resources */ = {
			isa = PBXResourcesBuildPhase;
			buildActionMask = 2147483647;
			files = (
				FCCCD82A1AE69A2D00C6BD71 /* Main.storyboard in Resources */,
				FCCCD82F1AE69A2D00C6BD71 /* LaunchScreen.xib in Resources */,
				FCCCD82C1AE69A2D00C6BD71 /* Images.xcassets in Resources */,
			);
			runOnlyForDeploymentPostprocessing = 0;
		};
		FCCCD8321AE69A2D00C6BD71 /* Resources */ = {
			isa = PBXResourcesBuildPhase;
			buildActionMask = 2147483647;
			files = (
			);
			runOnlyForDeploymentPostprocessing = 0;
		};
/* End PBXResourcesBuildPhase section */

/* Begin PBXSourcesBuildPhase section */
		FCCCD81B1AE69A2D00C6BD71 /* Sources */ = {
			isa = PBXSourcesBuildPhase;
			buildActionMask = 2147483647;
			files = (
				FCCCD8271AE69A2D00C6BD71 /* ViewController.swift in Sources */,
				FCCCD8251AE69A2D00C6BD71 /* AppDelegate.swift in Sources */,
			);
			runOnlyForDeploymentPostprocessing = 0;
		};
		FCCCD8301AE69A2D00C6BD71 /* Sources */ = {
			isa = PBXSourcesBuildPhase;
			buildActionMask = 2147483647;
			files = (
				FCCCD83B1AE69A2D00C6BD71 /* ICE_CREAM_FREEZETests.swift in Sources */,
			);
			runOnlyForDeploymentPostprocessing = 0;
		};
/* End PBXSourcesBuildPhase section */

/* Begin PBXTargetDependency section */
		FCCCD8361AE69A2D00C6BD71 /* PBXTargetDependency */ = {
			isa = PBXTargetDependency;
			target = FCCCD81E1AE69A2D00C6BD71 /* ICE CREAM FREEZE */;
			targetProxy = FCCCD8351AE69A2D00C6BD71 /* PBXContainerItemProxy */;
		};
/* End PBXTargetDependency section */

/* Begin PBXVariantGroup section */
		FCCCD8281AE69A2D00C6BD71 /* Main.storyboard */ = {
			isa = PBXVariantGroup;
			children = (
				FCCCD8291AE69A2D00C6BD71 /* Base */,
			);
			name = Main.storyboard;
			sourceTree = "<group>";
		};
		FCCCD82D1AE69A2D00C6BD71 /* LaunchScreen.xib */ = {
			isa = PBXVariantGroup;
			children = (
				FCCCD82E1AE69A2D00C6BD71 /* Base */,
			);
			name = LaunchScreen.xib;
			sourceTree = "<group>";
		};
/* End PBXVariantGroup section */

/* Begin XCBuildConfiguration section */
		FCCCD83C1AE69A2D00C6BD71 /* Debug */ = {
			isa = XCBuildConfiguration;
			buildSettings = {
				ALWAYS_SEARCH_USER_PATHS = NO;
				CLANG_CXX_LANGUAGE_STANDARD = "gnu++0x";
				CLANG_CXX_LIBRARY = "libc++";
				CLANG_ENABLE_MODULES = YES;
				CLANG_ENABLE_OBJC_ARC = YES;
				CLANG_WARN_BOOL_CONVERSION = YES;
				CLANG_WARN_CONSTANT_CONVERSION = YES;
				CLANG_WARN_DIRECT_OBJC_ISA_USAGE = YES_ERROR;
				CLANG_WARN_EMPTY_BODY = YES;
				CLANG_WARN_ENUM_CONVERSION = YES;
				CLANG_WARN_INT_CONVERSION = YES;
				CLANG_WARN_OBJC_ROOT_CLASS = YES_ERROR;
				CLANG_WARN_UNREACHABLE_CODE = YES;
				CLANG_WARN__DUPLICATE_METHOD_MATCH = YES;
				"CODE_SIGN_IDENTITY[sdk=iphoneos*]" = "iPhone Developer";
				COPY_PHASE_STRIP = NO;
				ENABLE_STRICT_OBJC_MSGSEND = YES;
				GCC_C_LANGUAGE_STANDARD = gnu99;
				GCC_DYNAMIC_NO_PIC = NO;
				GCC_OPTIMIZATION_LEVEL = 0;
				GCC_PREPROCESSOR_DEFINITIONS = (
					"DEBUG=1",
					"$(inherited)",
				);
				GCC_SYMBOLS_PRIVATE_EXTERN = NO;
				GCC_WARN_64_TO_32_BIT_CONVERSION = YES;
				GCC_WARN_ABOUT_RETURN_TYPE = YES_ERROR;
				GCC_WARN_UNDECLARED_SELECTOR = YES;
				GCC_WARN_UNINITIALIZED_AUTOS = YES_AGGRESSIVE;
				GCC_WARN_UNUSED_FUNCTION = YES;
				GCC_WARN_UNUSED_VARIABLE = YES;
				IPHONEOS_DEPLOYMENT_TARGET = 8.1;
				MTL_ENABLE_DEBUG_INFO = YES;
				ONLY_ACTIVE_ARCH = YES;
				SDKROOT = iphoneos;
				SWIFT_OPTIMIZATION_LEVEL = "-Onone";
			};
			name = Debug;
		};
		FCCCD83D1AE69A2D00C6BD71 /* Release */ = {
			isa = XCBuildConfiguration;
			buildSettings = {
				ALWAYS_SEARCH_USER_PATHS = NO;
				CLANG_CXX_LANGUAGE_STANDARD = "gnu++0x";
				CLANG_CXX_LIBRARY = "libc++";
				CLANG_ENABLE_MODULES = YES;
				CLANG_ENABLE_OBJC_ARC = YES;
				CLANG_WARN_BOOL_CONVERSION = YES;
				CLANG_WARN_CONSTANT_CONVERSION = YES;
				CLANG_WARN_DIRECT_OBJC_ISA_USAGE = YES_ERROR;
				CLANG_WARN_EMPTY_BODY = YES;
				CLANG_WARN_ENUM_CONVERSION = YES;
				CLANG_WARN_INT_CONVERSION = YES;
				CLANG_WARN_OBJC_ROOT_CLASS = YES_ERROR;
				CLANG_WARN_UNREACHABLE_CODE = YES;
				CLANG_WARN__DUPLICATE_METHOD_MATCH = YES;
				"CODE_SIGN_IDENTITY[sdk=iphoneos*]" = "iPhone Developer";
				COPY_PHASE_STRIP = YES;
				ENABLE_NS_ASSERTIONS = NO;
				ENABLE_STRICT_OBJC_MSGSEND = YES;
				GCC_C_LANGUAGE_STANDARD = gnu99;
				GCC_WARN_64_TO_32_BIT_CONVERSION = YES;
				GCC_WARN_ABOUT_RETURN_TYPE = YES_ERROR;
				GCC_WARN_UNDECLARED_SELECTOR = YES;
				GCC_WARN_UNINITIALIZED_AUTOS = YES_AGGRESSIVE;
				GCC_WARN_UNUSED_FUNCTION = YES;
				GCC_WARN_UNUSED_VARIABLE = YES;
				IPHONEOS_DEPLOYMENT_TARGET = 8.1;
				MTL_ENABLE_DEBUG_INFO = NO;
				SDKROOT = iphoneos;
				VALIDATE_PRODUCT = YES;
			};
			name = Release;
		};
		FCCCD83F1AE69A2D00C6BD71 /* Debug */ = {
			isa = XCBuildConfiguration;
			buildSettings = {
				ASSETCATALOG_COMPILER_APPICON_NAME = AppIcon;
				CODE_SIGN_IDENTITY = "iPhone Developer";
				INFOPLIST_FILE = "ICE CREAM FREEZE/Info.plist";
				LD_RUNPATH_SEARCH_PATHS = "$(inherited) @executable_path/Frameworks";
				PRODUCT_NAME = "$(TARGET_NAME)";
			};
			name = Debug;
		};
		FCCCD8401AE69A2D00C6BD71 /* Release */ = {
			isa = XCBuildConfiguration;
			buildSettings = {
				ASSETCATALOG_COMPILER_APPICON_NAME = AppIcon;
				CODE_SIGN_IDENTITY = "iPhone Developer";
				INFOPLIST_FILE = "ICE CREAM FREEZE/Info.plist";
				LD_RUNPATH_SEARCH_PATHS = "$(inherited) @executable_path/Frameworks";
				PRODUCT_NAME = "$(TARGET_NAME)";
			};
			name = Release;
		};
		FCCCD8421AE69A2D00C6BD71 /* Debug */ = {
			isa = XCBuildConfiguration;
			buildSettings = {
				BUNDLE_LOADER = "$(TEST_HOST)";
				FRAMEWORK_SEARCH_PATHS = (
					"$(SDKROOT)/Developer/Library/Frameworks",
					"$(inherited)",
				);
				GCC_PREPROCESSOR_DEFINITIONS = (
					"DEBUG=1",
					"$(inherited)",
				);
				INFOPLIST_FILE = "ICE CREAM FREEZETests/Info.plist";
				LD_RUNPATH_SEARCH_PATHS = "$(inherited) @executable_path/Frameworks @loader_path/Frameworks";
				PRODUCT_NAME = "$(TARGET_NAME)";
				TEST_HOST = "$(BUILT_PRODUCTS_DIR)/ICE CREAM FREEZE.app/ICE CREAM FREEZE";
			};
			name = Debug;
		};
		FCCCD8431AE69A2D00C6BD71 /* Release */ = {
			isa = XCBuildConfiguration;
			buildSettings = {
				BUNDLE_LOADER = "$(TEST_HOST)";
				FRAMEWORK_SEARCH_PATHS = (
					"$(SDKROOT)/Developer/Library/Frameworks",
					"$(inherited)",
				);
				INFOPLIST_FILE = "ICE CREAM FREEZETests/Info.plist";
				LD_RUNPATH_SEARCH_PATHS = "$(inherited) @executable_path/Frameworks @loader_path/Frameworks";
				PRODUCT_NAME = "$(TARGET_NAME)";
				TEST_HOST = "$(BUILT_PRODUCTS_DIR)/ICE CREAM FREEZE.app/ICE CREAM FREEZE";
			};
			name = Release;
		};
/* End XCBuildConfiguration section */

/* Begin XCConfigurationList section */
		FCCCD81A1AE69A2D00C6BD71 /* Build configuration list for PBXProject "ICE CREAM FREEZE" */ = {
			isa = XCConfigurationList;
			buildConfigurations = (
				FCCCD83C1AE69A2D00C6BD71 /* Debug */,
				FCCCD83D1AE69A2D00C6BD71 /* Release */,
			);
			defaultConfigurationIsVisible = 0;
			defaultConfigurationName = Release;
		};
		FCCCD83E1AE69A2D00C6BD71 /* Build configuration list for PBXNativeTarget "ICE CREAM FREEZE" */ = {
			isa = XCConfigurationList;
			buildConfigurations = (
				FCCCD83F1AE69A2D00C6BD71 /* Debug */,
				FCCCD8401AE69A2D00C6BD71 /* Release */,
			);
			defaultConfigurationIsVisible = 0;
			defaultConfigurationName = Release;
		};
		FCCCD8411AE69A2D00C6BD71 /* Build configuration list for PBXNativeTarget "ICE CREAM FREEZETests" */ = {
			isa = XCConfigurationList;
			buildConfigurations = (
				FCCCD8421AE69A2D00C6BD71 /* Debug */,
				FCCCD8431AE69A2D00C6BD71 /* Release */,
			);
			defaultConfigurationIsVisible = 0;
			defaultConfigurationName = Release;
		};
/* End XCConfigurationList section */
	};
	rootObject = FCCCD8171AE69A2D00C6BD71 /* Project object */;
}
