// !$*UTF8*$!
{
	archiveVersion = 1;
	classes = {
	};
	objectVersion = 46;
	objects = {

/* Begin PBXBuildFile section */
		FC9107541A789F340020AB75 /* main.m in Sources */ = {isa = PBXBuildFile; fileRef = FC9107531A789F340020AB75 /* main.m */; };
		FC9107571A789F340020AB75 /* AppDelegate.m in Sources */ = {isa = PBXBuildFile; fileRef = FC9107561A789F340020AB75 /* AppDelegate.m */; };
		FC91075A1A789F340020AB75 /* ViewController.m in Sources */ = {isa = PBXBuildFile; fileRef = FC9107591A789F340020AB75 /* ViewController.m */; };
		FC91075D1A789F340020AB75 /* Main.storyboard in Resources */ = {isa = PBXBuildFile; fileRef = FC91075B1A789F340020AB75 /* Main.storyboard */; };
		FC91075F1A789F340020AB75 /* Images.xcassets in Resources */ = {isa = PBXBuildFile; fileRef = FC91075E1A789F340020AB75 /* Images.xcassets */; };
		FC9107621A789F340020AB75 /* LaunchScreen.xib in Resources */ = {isa = PBXBuildFile; fileRef = FC9107601A789F340020AB75 /* LaunchScreen.xib */; };
		FC91076E1A789F340020AB75 /* Dantes_AranciniTests.m in Sources */ = {isa = PBXBuildFile; fileRef = FC91076D1A789F340020AB75 /* Dantes_AranciniTests.m */; };
		FC9107781A78A00E0020AB75 /* KangarooBackground.png in Resources */ = {isa = PBXBuildFile; fileRef = FC9107771A78A00E0020AB75 /* KangarooBackground.png */; };
		FC91077A1A78A0370020AB75 /* OrangeBall.png in Resources */ = {isa = PBXBuildFile; fileRef = FC9107791A78A0370020AB75 /* OrangeBall.png */; };
		FC9107811A78A6270020AB75 /* Screen Shot 2015-01-18 at 4.58.03 PM.png in Resources */ = {isa = PBXBuildFile; fileRef = FC9107801A78A6270020AB75 /* Screen Shot 2015-01-18 at 4.58.03 PM.png */; };
/* End PBXBuildFile section */

/* Begin PBXContainerItemProxy section */
		FC9107681A789F340020AB75 /* PBXContainerItemProxy */ = {
			isa = PBXContainerItemProxy;
			containerPortal = FC9107461A789F340020AB75 /* Project object */;
			proxyType = 1;
			remoteGlobalIDString = FC91074D1A789F340020AB75;
			remoteInfo = "Dantes Arancini";
		};
/* End PBXContainerItemProxy section */

/* Begin PBXFileReference section */
		FC91074E1A789F340020AB75 /* Dantes Arancini.app */ = {isa = PBXFileReference; explicitFileType = wrapper.application; includeInIndex = 0; path = "Dantes Arancini.app"; sourceTree = BUILT_PRODUCTS_DIR; };
		FC9107521A789F340020AB75 /* Info.plist */ = {isa = PBXFileReference; lastKnownFileType = text.plist.xml; path = Info.plist; sourceTree = "<group>"; };
		FC9107531A789F340020AB75 /* main.m */ = {isa = PBXFileReference; lastKnownFileType = sourcecode.c.objc; path = main.m; sourceTree = "<group>"; };
		FC9107551A789F340020AB75 /* AppDelegate.h */ = {isa = PBXFileReference; lastKnownFileType = sourcecode.c.h; path = AppDelegate.h; sourceTree = "<group>"; };
		FC9107561A789F340020AB75 /* AppDelegate.m */ = {isa = PBXFileReference; lastKnownFileType = sourcecode.c.objc; path = AppDelegate.m; sourceTree = "<group>"; };
		FC9107581A789F340020AB75 /* ViewController.h */ = {isa = PBXFileReference; lastKnownFileType = sourcecode.c.h; path = ViewController.h; sourceTree = "<group>"; };
		FC9107591A789F340020AB75 /* ViewController.m */ = {isa = PBXFileReference; lastKnownFileType = sourcecode.c.objc; path = ViewController.m; sourceTree = "<group>"; };
		FC91075C1A789F340020AB75 /* Base */ = {isa = PBXFileReference; lastKnownFileType = file.storyboard; name = Base; path = Base.lproj/Main.storyboard; sourceTree = "<group>"; };
		FC91075E1A789F340020AB75 /* Images.xcassets */ = {isa = PBXFileReference; lastKnownFileType = folder.assetcatalog; path = Images.xcassets; sourceTree = "<group>"; };
		FC9107611A789F340020AB75 /* Base */ = {isa = PBXFileReference; lastKnownFileType = file.xib; name = Base; path = Base.lproj/LaunchScreen.xib; sourceTree = "<group>"; };
		FC9107671A789F340020AB75 /* Dantes AranciniTests.xctest */ = {isa = PBXFileReference; explicitFileType = wrapper.cfbundle; includeInIndex = 0; path = "Dantes AranciniTests.xctest"; sourceTree = BUILT_PRODUCTS_DIR; };
		FC91076C1A789F340020AB75 /* Info.plist */ = {isa = PBXFileReference; lastKnownFileType = text.plist.xml; path = Info.plist; sourceTree = "<group>"; };
		FC91076D1A789F340020AB75 /* Dantes_AranciniTests.m */ = {isa = PBXFileReference; lastKnownFileType = sourcecode.c.objc; path = Dantes_AranciniTests.m; sourceTree = "<group>"; };
		FC9107771A78A00E0020AB75 /* KangarooBackground.png */ = {isa = PBXFileReference; lastKnownFileType = image.png; path = KangarooBackground.png; sourceTree = "<group>"; };
		FC9107791A78A0370020AB75 /* OrangeBall.png */ = {isa = PBXFileReference; lastKnownFileType = image.png; path = OrangeBall.png; sourceTree = "<group>"; };
		FC91077B1A78A3310020AB75 /* UIViewController_Game.h */ = {isa = PBXFileReference; fileEncoding = 4; lastKnownFileType = sourcecode.c.h; name = UIViewController_Game.h; path = ../UIViewController_Game.h; sourceTree = "<group>"; };
		FC9107801A78A6270020AB75 /* Screen Shot 2015-01-18 at 4.58.03 PM.png */ = {isa = PBXFileReference; lastKnownFileType = image.png; path = "Screen Shot 2015-01-18 at 4.58.03 PM.png"; sourceTree = "<group>"; };
/* End PBXFileReference section */

/* Begin PBXFrameworksBuildPhase section */
		FC91074B1A789F340020AB75 /* Frameworks */ = {
			isa = PBXFrameworksBuildPhase;
			buildActionMask = 2147483647;
			files = (
			);
			runOnlyForDeploymentPostprocessing = 0;
		};
		FC9107641A789F340020AB75 /* Frameworks */ = {
			isa = PBXFrameworksBuildPhase;
			buildActionMask = 2147483647;
			files = (
			);
			runOnlyForDeploymentPostprocessing = 0;
		};
/* End PBXFrameworksBuildPhase section */

/* Begin PBXGroup section */
		FC9107451A789F340020AB75 = {
			isa = PBXGroup;
			children = (
				FC9107501A789F340020AB75 /* Dantes Arancini */,
				FC91076A1A789F340020AB75 /* Dantes AranciniTests */,
				FC91074F1A789F340020AB75 /* Products */,
			);
			sourceTree = "<group>";
		};
		FC91074F1A789F340020AB75 /* Products */ = {
			isa = PBXGroup;
			children = (
				FC91074E1A789F340020AB75 /* Dantes Arancini.app */,
				FC9107671A789F340020AB75 /* Dantes AranciniTests.xctest */,
			);
			name = Products;
			sourceTree = "<group>";
		};
		FC9107501A789F340020AB75 /* Dantes Arancini */ = {
			isa = PBXGroup;
			children = (
				FC9107551A789F340020AB75 /* AppDelegate.h */,
				FC9107561A789F340020AB75 /* AppDelegate.m */,
				FC9107581A789F340020AB75 /* ViewController.h */,
				FC9107591A789F340020AB75 /* ViewController.m */,
				FC91077B1A78A3310020AB75 /* UIViewController_Game.h */,
				FC91075B1A789F340020AB75 /* Main.storyboard */,
				FC91075E1A789F340020AB75 /* Images.xcassets */,
				FC9107601A789F340020AB75 /* LaunchScreen.xib */,
				FC9107511A789F340020AB75 /* Supporting Files */,
			);
			path = "Dantes Arancini";
			sourceTree = "<group>";
		};
		FC9107511A789F340020AB75 /* Supporting Files */ = {
			isa = PBXGroup;
			children = (
				FC9107801A78A6270020AB75 /* Screen Shot 2015-01-18 at 4.58.03 PM.png */,
				FC9107791A78A0370020AB75 /* OrangeBall.png */,
				FC9107771A78A00E0020AB75 /* KangarooBackground.png */,
				FC9107521A789F340020AB75 /* Info.plist */,
				FC9107531A789F340020AB75 /* main.m */,
			);
			name = "Supporting Files";
			sourceTree = "<group>";
		};
		FC91076A1A789F340020AB75 /* Dantes AranciniTests */ = {
			isa = PBXGroup;
			children = (
				FC91076D1A789F340020AB75 /* Dantes_AranciniTests.m */,
				FC91076B1A789F340020AB75 /* Supporting Files */,
			);
			path = "Dantes AranciniTests";
			sourceTree = "<group>";
		};
		FC91076B1A789F340020AB75 /* Supporting Files */ = {
			isa = PBXGroup;
			children = (
				FC91076C1A789F340020AB75 /* Info.plist */,
			);
			name = "Supporting Files";
			sourceTree = "<group>";
		};
/* End PBXGroup section */

/* Begin PBXNativeTarget section */
		FC91074D1A789F340020AB75 /* Dantes Arancini */ = {
			isa = PBXNativeTarget;
			buildConfigurationList = FC9107711A789F340020AB75 /* Build configuration list for PBXNativeTarget "Dantes Arancini" */;
			buildPhases = (
				FC91074A1A789F340020AB75 /* Sources */,
				FC91074B1A789F340020AB75 /* Frameworks */,
				FC91074C1A789F340020AB75 /* Resources */,
			);
			buildRules = (
			);
			dependencies = (
			);
			name = "Dantes Arancini";
			productName = "Dantes Arancini";
			productReference = FC91074E1A789F340020AB75 /* Dantes Arancini.app */;
			productType = "com.apple.product-type.application";
		};
		FC9107661A789F340020AB75 /* Dantes AranciniTests */ = {
			isa = PBXNativeTarget;
			buildConfigurationList = FC9107741A789F340020AB75 /* Build configuration list for PBXNativeTarget "Dantes AranciniTests" */;
			buildPhases = (
				FC9107631A789F340020AB75 /* Sources */,
				FC9107641A789F340020AB75 /* Frameworks */,
				FC9107651A789F340020AB75 /* Resources */,
			);
			buildRules = (
			);
			dependencies = (
				FC9107691A789F340020AB75 /* PBXTargetDependency */,
			);
			name = "Dantes AranciniTests";
			productName = "Dantes AranciniTests";
			productReference = FC9107671A789F340020AB75 /* Dantes AranciniTests.xctest */;
			productType = "com.apple.product-type.bundle.unit-test";
		};
/* End PBXNativeTarget section */

/* Begin PBXProject section */
		FC9107461A789F340020AB75 /* Project object */ = {
			isa = PBXProject;
			attributes = {
				LastUpgradeCheck = 0610;
				ORGANIZATIONNAME = "Frank Joseph Boccia";
				TargetAttributes = {
					FC91074D1A789F340020AB75 = {
						CreatedOnToolsVersion = 6.1.1;
					};
					FC9107661A789F340020AB75 = {
						CreatedOnToolsVersion = 6.1.1;
						TestTargetID = FC91074D1A789F340020AB75;
					};
				};
			};
			buildConfigurationList = FC9107491A789F340020AB75 /* Build configuration list for PBXProject "Dantes Arancini" */;
			compatibilityVersion = "Xcode 3.2";
			developmentRegion = English;
			hasScannedForEncodings = 0;
			knownRegions = (
				en,
				Base,
			);
			mainGroup = FC9107451A789F340020AB75;
			productRefGroup = FC91074F1A789F340020AB75 /* Products */;
			projectDirPath = "";
			projectRoot = "";
			targets = (
				FC91074D1A789F340020AB75 /* Dantes Arancini */,
				FC9107661A789F340020AB75 /* Dantes AranciniTests */,
			);
		};
/* End PBXProject section */

/* Begin PBXResourcesBuildPhase section */
		FC91074C1A789F340020AB75 /* Resources */ = {
			isa = PBXResourcesBuildPhase;
			buildActionMask = 2147483647;
			files = (
				FC91075D1A789F340020AB75 /* Main.storyboard in Resources */,
				FC9107621A789F340020AB75 /* LaunchScreen.xib in Resources */,
				FC91075F1A789F340020AB75 /* Images.xcassets in Resources */,
				FC91077A1A78A0370020AB75 /* OrangeBall.png in Resources */,
				FC9107781A78A00E0020AB75 /* KangarooBackground.png in Resources */,
				FC9107811A78A6270020AB75 /* Screen Shot 2015-01-18 at 4.58.03 PM.png in Resources */,
			);
			runOnlyForDeploymentPostprocessing = 0;
		};
		FC9107651A789F340020AB75 /* Resources */ = {
			isa = PBXResourcesBuildPhase;
			buildActionMask = 2147483647;
			files = (
			);
			runOnlyForDeploymentPostprocessing = 0;
		};
/* End PBXResourcesBuildPhase section */

/* Begin PBXSourcesBuildPhase section */
		FC91074A1A789F340020AB75 /* Sources */ = {
			isa = PBXSourcesBuildPhase;
			buildActionMask = 2147483647;
			files = (
				FC91075A1A789F340020AB75 /* ViewController.m in Sources */,
				FC9107571A789F340020AB75 /* AppDelegate.m in Sources */,
				FC9107541A789F340020AB75 /* main.m in Sources */,
			);
			runOnlyForDeploymentPostprocessing = 0;
		};
		FC9107631A789F340020AB75 /* Sources */ = {
			isa = PBXSourcesBuildPhase;
			buildActionMask = 2147483647;
			files = (
				FC91076E1A789F340020AB75 /* Dantes_AranciniTests.m in Sources */,
			);
			runOnlyForDeploymentPostprocessing = 0;
		};
/* End PBXSourcesBuildPhase section */

/* Begin PBXTargetDependency section */
		FC9107691A789F340020AB75 /* PBXTargetDependency */ = {
			isa = PBXTargetDependency;
			target = FC91074D1A789F340020AB75 /* Dantes Arancini */;
			targetProxy = FC9107681A789F340020AB75 /* PBXContainerItemProxy */;
		};
/* End PBXTargetDependency section */

/* Begin PBXVariantGroup section */
		FC91075B1A789F340020AB75 /* Main.storyboard */ = {
			isa = PBXVariantGroup;
			children = (
				FC91075C1A789F340020AB75 /* Base */,
			);
			name = Main.storyboard;
			sourceTree = "<group>";
		};
		FC9107601A789F340020AB75 /* LaunchScreen.xib */ = {
			isa = PBXVariantGroup;
			children = (
				FC9107611A789F340020AB75 /* Base */,
			);
			name = LaunchScreen.xib;
			sourceTree = "<group>";
		};
/* End PBXVariantGroup section */

/* Begin XCBuildConfiguration section */
		FC91076F1A789F340020AB75 /* Debug */ = {
			isa = XCBuildConfiguration;
			buildSettings = {
				ALWAYS_SEARCH_USER_PATHS = NO;
				CLANG_CXX_LANGUAGE_STANDARD = "gnu++0x";
				CLANG_CXX_LIBRARY = "libc++";
				CLANG_ENABLE_MODULES = YES;
				CLANG_ENABLE_OBJC_ARC = YES;
				CLANG_WARN_BOOL_CONVERSION = YES;
				CLANG_WARN_CONSTANT_CONVERSION = YES;
				CLANG_WARN_DIRECT_OBJC_ISA_USAGE = YES_ERROR;
				CLANG_WARN_EMPTY_BODY = YES;
				CLANG_WARN_ENUM_CONVERSION = YES;
				CLANG_WARN_INT_CONVERSION = YES;
				CLANG_WARN_OBJC_ROOT_CLASS = YES_ERROR;
				CLANG_WARN_UNREACHABLE_CODE = YES;
				CLANG_WARN__DUPLICATE_METHOD_MATCH = YES;
				"CODE_SIGN_IDENTITY[sdk=iphoneos*]" = "iPhone Developer";
				COPY_PHASE_STRIP = NO;
				ENABLE_STRICT_OBJC_MSGSEND = YES;
				GCC_C_LANGUAGE_STANDARD = gnu99;
				GCC_DYNAMIC_NO_PIC = NO;
				GCC_OPTIMIZATION_LEVEL = 0;
				GCC_PREPROCESSOR_DEFINITIONS = (
					"DEBUG=1",
					"$(inherited)",
				);
				GCC_SYMBOLS_PRIVATE_EXTERN = NO;
				GCC_WARN_64_TO_32_BIT_CONVERSION = YES;
				GCC_WARN_ABOUT_RETURN_TYPE = YES_ERROR;
				GCC_WARN_UNDECLARED_SELECTOR = YES;
				GCC_WARN_UNINITIALIZED_AUTOS = YES_AGGRESSIVE;
				GCC_WARN_UNUSED_FUNCTION = YES;
				GCC_WARN_UNUSED_VARIABLE = YES;
				IPHONEOS_DEPLOYMENT_TARGET = 8.1;
				MTL_ENABLE_DEBUG_INFO = YES;
				ONLY_ACTIVE_ARCH = YES;
				SDKROOT = iphoneos;
			};
			name = Debug;
		};
		FC9107701A789F340020AB75 /* Release */ = {
			isa = XCBuildConfiguration;
			buildSettings = {
				ALWAYS_SEARCH_USER_PATHS = NO;
				CLANG_CXX_LANGUAGE_STANDARD = "gnu++0x";
				CLANG_CXX_LIBRARY = "libc++";
				CLANG_ENABLE_MODULES = YES;
				CLANG_ENABLE_OBJC_ARC = YES;
				CLANG_WARN_BOOL_CONVERSION = YES;
				CLANG_WARN_CONSTANT_CONVERSION = YES;
				CLANG_WARN_DIRECT_OBJC_ISA_USAGE = YES_ERROR;
				CLANG_WARN_EMPTY_BODY = YES;
				CLANG_WARN_ENUM_CONVERSION = YES;
				CLANG_WARN_INT_CONVERSION = YES;
				CLANG_WARN_OBJC_ROOT_CLASS = YES_ERROR;
				CLANG_WARN_UNREACHABLE_CODE = YES;
				CLANG_WARN__DUPLICATE_METHOD_MATCH = YES;
				"CODE_SIGN_IDENTITY[sdk=iphoneos*]" = "iPhone Developer";
				COPY_PHASE_STRIP = YES;
				ENABLE_NS_ASSERTIONS = NO;
				ENABLE_STRICT_OBJC_MSGSEND = YES;
				GCC_C_LANGUAGE_STANDARD = gnu99;
				GCC_WARN_64_TO_32_BIT_CONVERSION = YES;
				GCC_WARN_ABOUT_RETURN_TYPE = YES_ERROR;
				GCC_WARN_UNDECLARED_SELECTOR = YES;
				GCC_WARN_UNINITIALIZED_AUTOS = YES_AGGRESSIVE;
				GCC_WARN_UNUSED_FUNCTION = YES;
				GCC_WARN_UNUSED_VARIABLE = YES;
				IPHONEOS_DEPLOYMENT_TARGET = 8.1;
				MTL_ENABLE_DEBUG_INFO = NO;
				SDKROOT = iphoneos;
				VALIDATE_PRODUCT = YES;
			};
			name = Release;
		};
		FC9107721A789F340020AB75 /* Debug */ = {
			isa = XCBuildConfiguration;
			buildSettings = {
				ASSETCATALOG_COMPILER_APPICON_NAME = AppIcon;
				INFOPLIST_FILE = "Dantes Arancini/Info.plist";
				LD_RUNPATH_SEARCH_PATHS = "$(inherited) @executable_path/Frameworks";
				PRODUCT_NAME = "$(TARGET_NAME)";
			};
			name = Debug;
		};
		FC9107731A789F340020AB75 /* Release */ = {
			isa = XCBuildConfiguration;
			buildSettings = {
				ASSETCATALOG_COMPILER_APPICON_NAME = AppIcon;
				INFOPLIST_FILE = "Dantes Arancini/Info.plist";
				LD_RUNPATH_SEARCH_PATHS = "$(inherited) @executable_path/Frameworks";
				PRODUCT_NAME = "$(TARGET_NAME)";
			};
			name = Release;
		};
		FC9107751A789F340020AB75 /* Debug */ = {
			isa = XCBuildConfiguration;
			buildSettings = {
				BUNDLE_LOADER = "$(TEST_HOST)";
				FRAMEWORK_SEARCH_PATHS = (
					"$(SDKROOT)/Developer/Library/Frameworks",
					"$(inherited)",
				);
				GCC_PREPROCESSOR_DEFINITIONS = (
					"DEBUG=1",
					"$(inherited)",
				);
				INFOPLIST_FILE = "Dantes AranciniTests/Info.plist";
				LD_RUNPATH_SEARCH_PATHS = "$(inherited) @executable_path/Frameworks @loader_path/Frameworks";
				PRODUCT_NAME = "$(TARGET_NAME)";
				TEST_HOST = "$(BUILT_PRODUCTS_DIR)/Dantes Arancini.app/Dantes Arancini";
			};
			name = Debug;
		};
		FC9107761A789F340020AB75 /* Release */ = {
			isa = XCBuildConfiguration;
			buildSettings = {
				BUNDLE_LOADER = "$(TEST_HOST)";
				FRAMEWORK_SEARCH_PATHS = (
					"$(SDKROOT)/Developer/Library/Frameworks",
					"$(inherited)",
				);
				INFOPLIST_FILE = "Dantes AranciniTests/Info.plist";
				LD_RUNPATH_SEARCH_PATHS = "$(inherited) @executable_path/Frameworks @loader_path/Frameworks";
				PRODUCT_NAME = "$(TARGET_NAME)";
				TEST_HOST = "$(BUILT_PRODUCTS_DIR)/Dantes Arancini.app/Dantes Arancini";
			};
			name = Release;
		};
/* End XCBuildConfiguration section */

/* Begin XCConfigurationList section */
		FC9107491A789F340020AB75 /* Build configuration list for PBXProject "Dantes Arancini" */ = {
			isa = XCConfigurationList;
			buildConfigurations = (
				FC91076F1A789F340020AB75 /* Debug */,
				FC9107701A789F340020AB75 /* Release */,
			);
			defaultConfigurationIsVisible = 0;
			defaultConfigurationName = Release;
		};
		FC9107711A789F340020AB75 /* Build configuration list for PBXNativeTarget "Dantes Arancini" */ = {
			isa = XCConfigurationList;
			buildConfigurations = (
				FC9107721A789F340020AB75 /* Debug */,
				FC9107731A789F340020AB75 /* Release */,
			);
			defaultConfigurationIsVisible = 0;
		};
		FC9107741A789F340020AB75 /* Build configuration list for PBXNativeTarget "Dantes AranciniTests" */ = {
			isa = XCConfigurationList;
			buildConfigurations = (
				FC9107751A789F340020AB75 /* Debug */,
				FC9107761A789F340020AB75 /* Release */,
			);
			defaultConfigurationIsVisible = 0;
		};
/* End XCConfigurationList section */
	};
	rootObject = FC9107461A789F340020AB75 /* Project object */;
}
